<?xml version="1.0" encoding="utf-8"?>
<Project ToolsVersion="4.0" xmlns="http://schemas.microsoft.com/developer/msbuild/2003">
  <ItemGroup>
    <Filter Include="Shader">
      <UniqueIdentifier>{35673361-cc0e-4909-b6bd-d8741c550fd2}</UniqueIdentifier>
      <Extensions>cgfx</Extensions>
    </Filter>
    <Filter Include="Source">
      <UniqueIdentifier>{4FC737F1-C7A5-4376-A066-2A32D752A2FF}</UniqueIdentifier>
      <Extensions>cpp;c;cc;cxx;def;odl;idl;hpj;bat;asm;asmx</Extensions>
    </Filter>
    <Filter Include="Header">
      <UniqueIdentifier>{93995380-89BD-4b04-88EB-625FBE52EBFB}</UniqueIdentifier>
      <Extensions>h;hpp;hxx;hm;inl;inc;xsd</Extensions>
    </Filter>
    <Filter Include="Resource">
      <UniqueIdentifier>{67DA6AB6-F800-4c08-8B7A-83BB121AAD01}</UniqueIdentifier>
      <Extensions>rc;ico;cur;bmp;dlg;rc2;rct;bin;rgs;gif;jpg;jpeg;jpe;resx;tiff;tif;png;wav;mfcribbon-ms</Extensions>
    </Filter>
  </ItemGroup>
  <ItemGroup>
    <ClCompile Include="..\..\src\AtmosphericShader.cpp">
      <Filter>Source</Filter>
    </ClCompile>
    <ClCompile Include="..\..\oreore\images\Bitmap.cpp">
      <Filter>Source</Filter>
    </ClCompile>
    <ClCompile Include="..\..\graphics\gl4x\scene\BoundingVolume.cpp">
      <Filter>Source</Filter>
    </ClCompile>
    <ClCompile Include="..\..\graphics\gl4x\resource\CacheDataManager.cpp">
      <Filter>Source</Filter>
    </ClCompile>
    <ClCompile Include="..\..\graphics\gl4x\scene\Camera.cpp">
      <Filter>Source</Filter>
    </ClCompile>
    <ClCompile Include="..\..\graphics\gl4x\scene\CameraObject.cpp">
      <Filter>Source</Filter>
    </ClCompile>
    <ClCompile Include="..\..\src\Controller_base.cpp">
      <Filter>Source</Filter>
    </ClCompile>
    <ClCompile Include="..\..\graphics\gl4x\scene\Frustum.cpp">
      <Filter>Source</Filter>
    </ClCompile>
    <ClCompile Include="..\..\src\G_Buffer.cpp">
      <Filter>Source</Filter>
    </ClCompile>
    <ClCompile Include="..\..\graphics\gl4x\resource\GLFrameBufferObject.cpp">
      <Filter>Source</Filter>
    </ClCompile>
    <ClCompile Include="..\..\graphics\gl4x\resource\GLRenderTarget.cpp">
      <Filter>Source</Filter>
    </ClCompile>
    <ClCompile Include="..\..\src\GrahpicsDevice.cpp">
      <Filter>Source</Filter>
    </ClCompile>
    <ClCompile Include="..\..\src\HDRShader.cpp">
      <Filter>Source</Filter>
    </ClCompile>
    <ClCompile Include="..\..\src\HeightmapGenerator.cpp">
      <Filter>Source</Filter>
    </ClCompile>
    <ClCompile Include="..\..\graphics\gl4x\scene\Material.cpp">
      <Filter>Source</Filter>
    </ClCompile>
    <ClCompile Include="..\..\graphics\gl4x\app\MyGUI.cpp">
      <Filter>Source</Filter>
    </ClCompile>
    <ClCompile Include="..\..\src\PlanetRenderingEngine.cpp">
      <Filter>Source</Filter>
    </ClCompile>
    <ClCompile Include="..\..\src\PlanetRenderingEngine_Win32main.cpp">
      <Filter>Source</Filter>
    </ClCompile>
    <ClCompile Include="..\..\src\SeamlessPatches.cpp">
      <Filter>Source</Filter>
    </ClCompile>
    <ClCompile Include="..\..\src\TerrainEngine.cpp">
      <Filter>Source</Filter>
    </ClCompile>
    <ClCompile Include="..\..\src\TerrainMaterial.cpp">
      <Filter>Source</Filter>
    </ClCompile>
    <ClCompile Include="..\..\graphics\gl4x\resource\Texture.cpp">
      <Filter>Source</Filter>
    </ClCompile>
    <ClCompile Include="..\..\oreore\thread\win\ThreadPool.cpp">
      <Filter>Source</Filter>
    </ClCompile>
    <ClCompile Include="..\..\src\TileCache.cpp">
      <Filter>Source</Filter>
    </ClCompile>
    <ClCompile Include="..\..\graphics\gl4x\resource\TileCacheTexture.cpp">
      <Filter>Source</Filter>
    </ClCompile>
    <ClCompile Include="..\..\graphics\gl4x\scene\TransformAttribute.cpp">
      <Filter>Source</Filter>
    </ClCompile>
    <ClCompile Include="..\..\graphics\gl4x\scene\ViewFrustum.cpp">
      <Filter>Source</Filter>
    </ClCompile>
    <ClCompile Include="..\..\src\VirtualTexture.cpp">
      <Filter>Source</Filter>
    </ClCompile>
  </ItemGroup>
  <ItemGroup>
    <ClInclude Include="..\..\src\AtmosphericShader.h">
      <Filter>Header</Filter>
    </ClInclude>
    <ClInclude Include="..\..\oreore\images\Bitmap.h">
      <Filter>Header</Filter>
    </ClInclude>
    <ClInclude Include="..\..\graphics\gl4x\scene\BoundingVolume.h">
      <Filter>Header</Filter>
    </ClInclude>
    <ClInclude Include="..\..\graphics\gl4x\resource\CacheDataManager.h">
      <Filter>Header</Filter>
    </ClInclude>
    <ClInclude Include="..\..\graphics\gl4x\scene\Camera.h">
      <Filter>Header</Filter>
    </ClInclude>
    <ClInclude Include="..\..\graphics\gl4x\scene\CameraObject.h">
      <Filter>Header</Filter>
    </ClInclude>
    <ClInclude Include="..\..\src\Controller_base.h">
      <Filter>Header</Filter>
    </ClInclude>
    <ClInclude Include="..\..\graphics\gl4x\scene\Frustum.h">
      <Filter>Header</Filter>
    </ClInclude>
    <ClInclude Include="..\..\src\G_Buffer.h">
      <Filter>Header</Filter>
    </ClInclude>
    <ClInclude Include="..\..\graphics\gl4x\resource\GLFrameBufferObject.h">
      <Filter>Header</Filter>
    </ClInclude>
    <ClInclude Include="..\..\graphics\gl4x\resource\GLRenderTarget.h">
      <Filter>Header</Filter>
    </ClInclude>
    <ClInclude Include="..\..\src\GraphicsDevice.h">
      <Filter>Header</Filter>
    </ClInclude>
    <ClInclude Include="..\..\src\HDRShader.h">
      <Filter>Header</Filter>
    </ClInclude>
    <ClInclude Include="..\..\src\HeightmapGenerator.h">
      <Filter>Header</Filter>
    </ClInclude>
    <ClInclude Include="..\..\graphics\gl4x\scene\Material.h">
      <Filter>Header</Filter>
    </ClInclude>
    <ClInclude Include="..\..\graphics\gl4x\app\MyGUI.h">
      <Filter>Header</Filter>
    </ClInclude>
    <ClInclude Include="..\..\src\PlanetRenderingEngine.h">
      <Filter>Header</Filter>
    </ClInclude>
    <ClInclude Include="..\..\src\resource.h">
      <Filter>Header</Filter>
    </ClInclude>
    <ClInclude Include="..\..\src\SeamlessPatches.h">
      <Filter>Header</Filter>
    </ClInclude>
    <ClInclude Include="..\..\src\TerrainEngine.h">
      <Filter>Header</Filter>
    </ClInclude>
    <ClInclude Include="..\..\src\TerrainMaterial.h">
      <Filter>Header</Filter>
    </ClInclude>
    <ClInclude Include="..\..\graphics\gl4x\resource\Texture.h">
      <Filter>Header</Filter>
    </ClInclude>
    <ClInclude Include="..\..\oreore\thread\win\ThreadPool.h">
      <Filter>Header</Filter>
    </ClInclude>
    <ClInclude Include="..\..\src\TileCache.h">
      <Filter>Header</Filter>
    </ClInclude>
    <ClInclude Include="..\..\graphics\gl4x\resource\TileCacheTexture.h">
      <Filter>Header</Filter>
    </ClInclude>
    <ClInclude Include="..\..\graphics\gl4x\scene\TransformAttribute.h">
      <Filter>Header</Filter>
    </ClInclude>
    <ClInclude Include="..\..\graphics\gl4x\scene\ViewFrustum.h">
      <Filter>Header</Filter>
    </ClInclude>
    <ClInclude Include="..\..\src\VirtualTexture.h">
      <Filter>Header</Filter>
    </ClInclude>
  </ItemGroup>
  <ItemGroup>
    <Image Include="..\..\src\Icon.ico">
      <Filter>Resource</Filter>
    </Image>
  </ItemGroup>
  <ItemGroup>
    <ResourceCompile Include="..\..\src\res.rc">
      <Filter>Resource</Filter>
    </ResourceCompile>
  </ItemGroup>
</Project>